
Microsoft Visual Studio Solution File, Format Version 12.00
# Visual Studio Version 17
VisualStudioVersion = 17.9.34723.18
MinimumVisualStudioVersion = 10.0.40219.1
Project("{F184B08F-C81C-45F6-A57F-5ABD9991F28F}") = "TestTestGit", "TestTestGit\TestTestGit.vbproj", "{75B47537-65BB-477D-BA01-2DE858CD5053}"
EndProject
Global
	GlobalSection(SolutionConfigurationPlatforms) = preSolution
		Debug|Any CPU = Debug|Any CPU
		Release|Any CPU = Release|Any CPU
	EndGlobalSection
	GlobalSection(ProjectConfigurationPlatforms) = postSolution
		{75B47537-65BB-477D-BA01-2DE858CD5053}.Debug|Any CPU.ActiveCfg = Debug|Any CPU
		{75B47537-65BB-477D-BA01-2DE858CD5053}.Debug|Any CPU.Build.0 = Debug|Any CPU
		{75B47537-65BB-477D-BA01-2DE858CD5053}.Release|Any CPU.ActiveCfg = Release|Any CPU
		{75B47537-65BB-477D-BA01-2DE858CD5053}.Release|Any CPU.Build.0 = Release|Any CPU
	EndGlobalSection
	GlobalSection(SolutionProperties) = preSolution
		HideSolutionNode = FALSE
	EndGlobalSection
	GlobalSection(ExtensibilityGlobals) = postSolution
		SolutionGuid = {9DCA70CF-2E50-4CAF-9762-A87DBAA3BE9C}
	EndGlobalSection
EndGlobal
